
Microsoft Visual Studio Solution File, Format Version 12.00
# Visual Studio Version 16
VisualStudioVersion = 16.0.31702.278
MinimumVisualStudioVersion = 10.0.40219.1
Project("{FAE04EC0-301F-11D3-BF4B-00C04F79EFBC}") = "OOP(complex)", "OOP(complex)\OOP(complex).csproj", "{29FEA060-CB19-40CC-B44A-D860ED249661}"
EndProject
Global
	GlobalSection(SolutionConfigurationPlatforms) = preSolution
		Debug|Any CPU = Debug|Any CPU
		Release|Any CPU = Release|Any CPU
	EndGlobalSection
	GlobalSection(ProjectConfigurationPlatforms) = postSolution
		{29FEA060-CB19-40CC-B44A-D860ED249661}.Debug|Any CPU.ActiveCfg = Debug|Any CPU
		{29FEA060-CB19-40CC-B44A-D860ED249661}.Debug|Any CPU.Build.0 = Debug|Any CPU
		{29FEA060-CB19-40CC-B44A-D860ED249661}.Release|Any CPU.ActiveCfg = Release|Any CPU
		{29FEA060-CB19-40CC-B44A-D860ED249661}.Release|Any CPU.Build.0 = Release|Any CPU
	EndGlobalSection
	GlobalSection(SolutionProperties) = preSolution
		HideSolutionNode = FALSE
	EndGlobalSection
	GlobalSection(ExtensibilityGlobals) = postSolution
		SolutionGuid = {103491DF-2C0E-4386-82AA-420CE1856EBC}
	EndGlobalSection
EndGlobal
